
Microsoft Visual Studio Solution File, Format Version 12.00
# Visual Studio Version 17
VisualStudioVersion = 17.14.36202.13 d17.14
MinimumVisualStudioVersion = 10.0.40219.1
Project("{FAE04EC0-301F-11D3-BF4B-00C04F79EFBC}") = "ABet", "ABet.csproj", "{658FEF8F-D7CF-4BB0-ADA7-DB3291A8B86D}"
EndProject
Global
	GlobalSection(SolutionConfigurationPlatforms) = preSolution
		Debug|Any CPU = Debug|Any CPU
		Release|Any CPU = Release|Any CPU
	EndGlobalSection
	GlobalSection(ProjectConfigurationPlatforms) = postSolution
		{658FEF8F-D7CF-4BB0-ADA7-DB3291A8B86D}.Debug|Any CPU.ActiveCfg = Debug|Any CPU
		{658FEF8F-D7CF-4BB0-ADA7-DB3291A8B86D}.Debug|Any CPU.Build.0 = Debug|Any CPU
		{658FEF8F-D7CF-4BB0-ADA7-DB3291A8B86D}.Release|Any CPU.ActiveCfg = Release|Any CPU
		{658FEF8F-D7CF-4BB0-ADA7-DB3291A8B86D}.Release|Any CPU.Build.0 = Release|Any CPU
	EndGlobalSection
	GlobalSection(SolutionProperties) = preSolution
		HideSolutionNode = FALSE
	EndGlobalSection
	GlobalSection(ExtensibilityGlobals) = postSolution
		SolutionGuid = {096EDD4A-B320-4AF5-95E9-2F408A5BB8A3}
	EndGlobalSection
EndGlobal
